
Microsoft Visual Studio Solution File, Format Version 12.00
# Visual Studio Version 17
VisualStudioVersion = 17.6.33829.357
MinimumVisualStudioVersion = 10.0.40219.1
Project("{FAE04EC0-301F-11D3-BF4B-00C04F79EFBC}") = "ClassWork26.07.23", "ClassWork26.07.23\ClassWork26.07.23.csproj", "{622E41FE-7800-453D-8669-371214526579}"
EndProject
Global
	GlobalSection(SolutionConfigurationPlatforms) = preSolution
		Debug|Any CPU = Debug|Any CPU
		Release|Any CPU = Release|Any CPU
	EndGlobalSection
	GlobalSection(ProjectConfigurationPlatforms) = postSolution
		{622E41FE-7800-453D-8669-371214526579}.Debug|Any CPU.ActiveCfg = Debug|Any CPU
		{622E41FE-7800-453D-8669-371214526579}.Debug|Any CPU.Build.0 = Debug|Any CPU
		{622E41FE-7800-453D-8669-371214526579}.Release|Any CPU.ActiveCfg = Release|Any CPU
		{622E41FE-7800-453D-8669-371214526579}.Release|Any CPU.Build.0 = Release|Any CPU
	EndGlobalSection
	GlobalSection(SolutionProperties) = preSolution
		HideSolutionNode = FALSE
	EndGlobalSection
	GlobalSection(ExtensibilityGlobals) = postSolution
		SolutionGuid = {40F8AF43-0D6C-497E-8650-E652D3319B8C}
	EndGlobalSection
EndGlobal
